{
  "version": 4,
  "terraform_version": "1.8.4",
  "serial": 42,
  "lineage": "123b9dfd-cb91-ffb4-89f3-f844f8f288b5",
  "outputs": {
    "app_gateway_public_ip": {
      "value": "98.71.153.137",
      "type": "string"
    },
    "backend_url": {
      "value": "https://qops-backend.azurewebsites.net",
      "type": "string"
    },
    "frontend_url": {
      "value": "https://qops-frontend.azurewebsites.net",
      "type": "string"
    },
    "mysql_server_fqdn": {
      "value": "qops-mysql.mysql.database.azure.com",
      "type": "string"
    }
  },
  "resources": [
    {
      "mode": "managed",
      "type": "azurerm_linux_web_app",
      "name": "backend",
      "provider": "provider[\"registry.terraform.io/hashicorp/azurerm\"]",
      "instances": [
        {
          "schema_version": 1,
          "attributes": {
            "app_settings": {
              "DATABASE_URL": "mysql://mysqladmin@qops-mysql.mysql.database.azure.com:3306/qops-mysql-db",
              "WEBSITE_NODE_DEFAULT_VERSION": "14-lts"
            },
            "auth_settings": [],
            "auth_settings_v2": [],
            "backup": [],
            "client_affinity_enabled": false,
            "client_certificate_enabled": false,
            "client_certificate_exclusion_paths": "",
            "client_certificate_mode": "Required",
            "connection_string": [],
            "custom_domain_verification_id": "B1541722EE91462B6658428A952E437DE63136092A8B1EC8365B79F8842B8A00",
            "default_hostname": "qops-backend.azurewebsites.net",
            "enabled": true,
            "ftp_publish_basic_authentication_enabled": true,
            "hosting_environment_id": "",
            "https_only": false,
            "id": "/subscriptions/8bf9a8dc-8ee1-4364-ba97-77e92d38ee92/resourceGroups/qops-rg/providers/Microsoft.Web/sites/qops-backend",
            "identity": [],
            "key_vault_reference_identity_id": "SystemAssigned",
            "kind": "app,linux",
            "location": "westeurope",
            "logs": [],
            "name": "qops-backend",
            "outbound_ip_address_list": [
              "20.73.127.255",
              "20.76.64.122",
              "20.76.65.118",
              "20.73.127.254",
              "20.76.65.248",
              "20.76.65.249",
              "20.105.224.34"
            ],
            "outbound_ip_addresses": "20.73.127.255,20.76.64.122,20.76.65.118,20.73.127.254,20.76.65.248,20.76.65.249,20.105.224.34",
            "possible_outbound_ip_address_list": [
              "20.73.127.255",
              "20.76.64.122",
              "20.76.65.118",
              "20.73.127.254",
              "20.76.65.248",
              "20.76.65.249",
              "20.76.64.123",
              "20.76.68.160",
              "20.76.68.161",
              "20.76.70.134",
              "20.76.70.135",
              "20.76.70.242",
              "20.76.71.245",
              "20.76.65.81",
              "20.76.65.96",
              "20.76.65.97",
              "20.76.70.185",
              "20.76.65.157",
              "20.76.65.164",
              "20.76.65.166",
              "20.76.65.225",
              "20.76.65.227",
              "20.76.66.34",
              "20.76.66.52",
              "20.105.224.34"
            ],
            "possible_outbound_ip_addresses": "20.73.127.255,20.76.64.122,20.76.65.118,20.73.127.254,20.76.65.248,20.76.65.249,20.76.64.123,20.76.68.160,20.76.68.161,20.76.70.134,20.76.70.135,20.76.70.242,20.76.71.245,20.76.65.81,20.76.65.96,20.76.65.97,20.76.70.185,20.76.65.157,20.76.65.164,20.76.65.166,20.76.65.225,20.76.65.227,20.76.66.34,20.76.66.52,20.105.224.34",
            "public_network_access_enabled": true,
            "resource_group_name": "qops-rg",
            "service_plan_id": "/subscriptions/8bf9a8dc-8ee1-4364-ba97-77e92d38ee92/resourceGroups/qops-rg/providers/Microsoft.Web/serverFarms/qops-plan",
            "site_config": [
              {
                "always_on": true,
                "api_definition_url": "",
                "api_management_api_id": "",
                "app_command_line": "",
                "application_stack": [
                  {
                    "docker_image": "",
                    "docker_image_name": "",
                    "docker_image_tag": "",
                    "docker_registry_password": "",
                    "docker_registry_url": "",
                    "docker_registry_username": "",
                    "dotnet_version": "",
                    "go_version": "",
                    "java_server": "",
                    "java_server_version": "",
                    "java_version": "",
                    "node_version": "14-lts",
                    "php_version": "",
                    "python_version": "",
                    "ruby_version": ""
                  }
                ],
                "auto_heal_enabled": false,
                "auto_heal_setting": [],
                "container_registry_managed_identity_client_id": "",
                "container_registry_use_managed_identity": false,
                "cors": [],
                "default_documents": [
                  "Default.htm",
                  "Default.html",
                  "Default.asp",
                  "index.htm",
                  "index.html",
                  "iisstart.htm",
                  "default.aspx",
                  "index.php",
                  "hostingstart.html"
                ],
                "detailed_error_logging_enabled": false,
                "ftps_state": "Disabled",
                "health_check_eviction_time_in_min": 0,
                "health_check_path": "",
                "http2_enabled": false,
                "ip_restriction": [],
                "ip_restriction_default_action": "Allow",
                "linux_fx_version": "NODE|14-lts",
                "load_balancing_mode": "LeastRequests",
                "local_mysql_enabled": false,
                "managed_pipeline_mode": "Integrated",
                "minimum_tls_version": "1.2",
                "remote_debugging_enabled": false,
                "remote_debugging_version": "VS2022",
                "scm_ip_restriction": [],
                "scm_ip_restriction_default_action": "Allow",
                "scm_minimum_tls_version": "1.2",
                "scm_type": "None",
                "scm_use_main_ip_restriction": false,
                "use_32_bit_worker": true,
                "vnet_route_all_enabled": false,
                "websockets_enabled": false,
                "worker_count": 1
              }
            ],
            "site_credential": [
              {
                "name": "$qops-backend",
                "password": "BtnG4wQsYsjYBEdwca4dPKmnDDNeSGglAnLMmpYt1vLZyLsPrwcsmnnrM97x"
              }
            ],
            "sticky_settings": [],
            "storage_account": [],
            "tags": {},
            "timeouts": null,
            "virtual_network_subnet_id": "",
            "webdeploy_publish_basic_authentication_enabled": true,
            "zip_deploy_file": ""
          },
          "sensitive_attributes": [
            [
              {
                "type": "get_attr",
                "value": "custom_domain_verification_id"
              }
            ],
            [
              {
                "type": "get_attr",
                "value": "site_credential"
              }
            ],
            [
              {
                "type": "get_attr",
                "value": "site_config"
              },
              {
                "type": "index",
                "value": {
                  "value": 0,
                  "type": "number"
                }
              },
              {
                "type": "get_attr",
                "value": "application_stack"
              },
              {
                "type": "index",
                "value": {
                  "value": 0,
                  "type": "number"
                }
              },
              {
                "type": "get_attr",
                "value": "docker_registry_password"
              }
            ]
          ],
          "private": "eyJlMmJmYjczMC1lY2FhLTExZTYtOGY4OC0zNDM2M2JjN2M0YzAiOnsiY3JlYXRlIjoxODAwMDAwMDAwMDAwLCJkZWxldGUiOjE4MDAwMDAwMDAwMDAsInJlYWQiOjMwMDAwMDAwMDAwMCwidXBkYXRlIjoxODAwMDAwMDAwMDAwfSwic2NoZW1hX3ZlcnNpb24iOiIxIn0=",
          "dependencies": [
            "azurerm_resource_group.rg",
            "azurerm_service_plan.plan",
            "module.mysql.azurerm_mysql_flexible_database.db",
            "module.mysql.azurerm_mysql_flexible_server.mysql"
          ]
        }
      ]
    },
    {
      "mode": "managed",
      "type": "azurerm_linux_web_app",
      "name": "frontend",
      "provider": "provider[\"registry.terraform.io/hashicorp/azurerm\"]",
      "instances": [
        {
          "schema_version": 1,
          "attributes": {
            "app_settings": {
              "BACKEND_URL": "https://qops-backend.azurewebsites.net",
              "WEBSITE_NODE_DEFAULT_VERSION": "14-lts"
            },
            "auth_settings": [],
            "auth_settings_v2": [],
            "backup": [],
            "client_affinity_enabled": false,
            "client_certificate_enabled": false,
            "client_certificate_exclusion_paths": "",
            "client_certificate_mode": "Required",
            "connection_string": [],
            "custom_domain_verification_id": "B1541722EE91462B6658428A952E437DE63136092A8B1EC8365B79F8842B8A00",
            "default_hostname": "qops-frontend.azurewebsites.net",
            "enabled": true,
            "ftp_publish_basic_authentication_enabled": true,
            "hosting_environment_id": "",
            "https_only": false,
            "id": "/subscriptions/8bf9a8dc-8ee1-4364-ba97-77e92d38ee92/resourceGroups/qops-rg/providers/Microsoft.Web/sites/qops-frontend",
            "identity": [],
            "key_vault_reference_identity_id": "SystemAssigned",
            "kind": "app,linux",
            "location": "westeurope",
            "logs": [],
            "name": "qops-frontend",
            "outbound_ip_address_list": [
              "20.73.127.255",
              "20.76.64.122",
              "20.76.65.118",
              "20.73.127.254",
              "20.76.65.248",
              "20.76.65.249",
              "20.105.224.34"
            ],
            "outbound_ip_addresses": "20.73.127.255,20.76.64.122,20.76.65.118,20.73.127.254,20.76.65.248,20.76.65.249,20.105.224.34",
            "possible_outbound_ip_address_list": [
              "20.73.127.255",
              "20.76.64.122",
              "20.76.65.118",
              "20.73.127.254",
              "20.76.65.248",
              "20.76.65.249",
              "20.76.64.123",
              "20.76.68.160",
              "20.76.68.161",
              "20.76.70.134",
              "20.76.70.135",
              "20.76.70.242",
              "20.76.71.245",
              "20.76.65.81",
              "20.76.65.96",
              "20.76.65.97",
              "20.76.70.185",
              "20.76.65.157",
              "20.76.65.164",
              "20.76.65.166",
              "20.76.65.225",
              "20.76.65.227",
              "20.76.66.34",
              "20.76.66.52",
              "20.105.224.34"
            ],
            "possible_outbound_ip_addresses": "20.73.127.255,20.76.64.122,20.76.65.118,20.73.127.254,20.76.65.248,20.76.65.249,20.76.64.123,20.76.68.160,20.76.68.161,20.76.70.134,20.76.70.135,20.76.70.242,20.76.71.245,20.76.65.81,20.76.65.96,20.76.65.97,20.76.70.185,20.76.65.157,20.76.65.164,20.76.65.166,20.76.65.225,20.76.65.227,20.76.66.34,20.76.66.52,20.105.224.34",
            "public_network_access_enabled": true,
            "resource_group_name": "qops-rg",
            "service_plan_id": "/subscriptions/8bf9a8dc-8ee1-4364-ba97-77e92d38ee92/resourceGroups/qops-rg/providers/Microsoft.Web/serverFarms/qops-plan",
            "site_config": [
              {
                "always_on": true,
                "api_definition_url": "",
                "api_management_api_id": "",
                "app_command_line": "",
                "application_stack": [
                  {
                    "docker_image": "",
                    "docker_image_name": "",
                    "docker_image_tag": "",
                    "docker_registry_password": "",
                    "docker_registry_url": "",
                    "docker_registry_username": "",
                    "dotnet_version": "",
                    "go_version": "",
                    "java_server": "",
                    "java_server_version": "",
                    "java_version": "",
                    "node_version": "14-lts",
                    "php_version": "",
                    "python_version": "",
                    "ruby_version": ""
                  }
                ],
                "auto_heal_enabled": false,
                "auto_heal_setting": [],
                "container_registry_managed_identity_client_id": "",
                "container_registry_use_managed_identity": false,
                "cors": [],
                "default_documents": [
                  "Default.htm",
                  "Default.html",
                  "Default.asp",
                  "index.htm",
                  "index.html",
                  "iisstart.htm",
                  "default.aspx",
                  "index.php",
                  "hostingstart.html"
                ],
                "detailed_error_logging_enabled": false,
                "ftps_state": "Disabled",
                "health_check_eviction_time_in_min": 0,
                "health_check_path": "",
                "http2_enabled": false,
                "ip_restriction": [],
                "ip_restriction_default_action": "Allow",
                "linux_fx_version": "NODE|14-lts",
                "load_balancing_mode": "LeastRequests",
                "local_mysql_enabled": false,
                "managed_pipeline_mode": "Integrated",
                "minimum_tls_version": "1.2",
                "remote_debugging_enabled": false,
                "remote_debugging_version": "VS2022",
                "scm_ip_restriction": [],
                "scm_ip_restriction_default_action": "Allow",
                "scm_minimum_tls_version": "1.2",
                "scm_type": "None",
                "scm_use_main_ip_restriction": false,
                "use_32_bit_worker": true,
                "vnet_route_all_enabled": false,
                "websockets_enabled": false,
                "worker_count": 1
              }
            ],
            "site_credential": [
              {
                "name": "$qops-frontend",
                "password": "XJS9iaw0PSxCp5ZYgHQJZr17RxsGRNNjWrg6P4ys2id5TcGJxMgfvh739pDt"
              }
            ],
            "sticky_settings": [],
            "storage_account": [],
            "tags": {},
            "timeouts": null,
            "virtual_network_subnet_id": "",
            "webdeploy_publish_basic_authentication_enabled": true,
            "zip_deploy_file": ""
          },
          "sensitive_attributes": [
            [
              {
                "type": "get_attr",
                "value": "custom_domain_verification_id"
              }
            ],
            [
              {
                "type": "get_attr",
                "value": "site_credential"
              }
            ],
            [
              {
                "type": "get_attr",
                "value": "site_config"
              },
              {
                "type": "index",
                "value": {
                  "value": 0,
                  "type": "number"
                }
              },
              {
                "type": "get_attr",
                "value": "application_stack"
              },
              {
                "type": "index",
                "value": {
                  "value": 0,
                  "type": "number"
                }
              },
              {
                "type": "get_attr",
                "value": "docker_registry_password"
              }
            ]
          ],
          "private": "eyJlMmJmYjczMC1lY2FhLTExZTYtOGY4OC0zNDM2M2JjN2M0YzAiOnsiY3JlYXRlIjoxODAwMDAwMDAwMDAwLCJkZWxldGUiOjE4MDAwMDAwMDAwMDAsInJlYWQiOjMwMDAwMDAwMDAwMCwidXBkYXRlIjoxODAwMDAwMDAwMDAwfSwic2NoZW1hX3ZlcnNpb24iOiIxIn0=",
          "dependencies": [
            "azurerm_linux_web_app.backend",
            "azurerm_resource_group.rg",
            "azurerm_service_plan.plan",
            "module.mysql.azurerm_mysql_flexible_database.db",
            "module.mysql.azurerm_mysql_flexible_server.mysql"
          ]
        }
      ]
    },
    {
      "mode": "managed",
      "type": "azurerm_resource_group",
      "name": "rg",
      "provider": "provider[\"registry.terraform.io/hashicorp/azurerm\"]",
      "instances": [
        {
          "schema_version": 0,
          "attributes": {
            "id": "/subscriptions/8bf9a8dc-8ee1-4364-ba97-77e92d38ee92/resourceGroups/qops-rg",
            "location": "westeurope",
            "managed_by": "",
            "name": "qops-rg",
            "tags": {},
            "timeouts": null
          },
          "sensitive_attributes": [],
          "private": "eyJlMmJmYjczMC1lY2FhLTExZTYtOGY4OC0zNDM2M2JjN2M0YzAiOnsiY3JlYXRlIjo1NDAwMDAwMDAwMDAwLCJkZWxldGUiOjU0MDAwMDAwMDAwMDAsInJlYWQiOjMwMDAwMDAwMDAwMCwidXBkYXRlIjo1NDAwMDAwMDAwMDAwfX0="
        }
      ]
    },
    {
      "mode": "managed",
      "type": "azurerm_service_plan",
      "name": "plan",
      "provider": "provider[\"registry.terraform.io/hashicorp/azurerm\"]",
      "instances": [
        {
          "schema_version": 1,
          "attributes": {
            "app_service_environment_id": "",
            "id": "/subscriptions/8bf9a8dc-8ee1-4364-ba97-77e92d38ee92/resourceGroups/qops-rg/providers/Microsoft.Web/serverFarms/qops-plan",
            "kind": "linux",
            "location": "westeurope",
            "maximum_elastic_worker_count": 1,
            "name": "qops-plan",
            "os_type": "Linux",
            "per_site_scaling_enabled": false,
            "reserved": true,
            "resource_group_name": "qops-rg",
            "sku_name": "B1",
            "tags": {},
            "timeouts": null,
            "worker_count": 1,
            "zone_balancing_enabled": false
          },
          "sensitive_attributes": [],
          "private": "eyJlMmJmYjczMC1lY2FhLTExZTYtOGY4OC0zNDM2M2JjN2M0YzAiOnsiY3JlYXRlIjozNjAwMDAwMDAwMDAwLCJkZWxldGUiOjM2MDAwMDAwMDAwMDAsInJlYWQiOjMwMDAwMDAwMDAwMCwidXBkYXRlIjozNjAwMDAwMDAwMDAwfSwic2NoZW1hX3ZlcnNpb24iOiIxIn0=",
          "dependencies": [
            "azurerm_resource_group.rg"
          ]
        }
      ]
    },
    {
      "mode": "managed",
      "type": "azurerm_subnet",
      "name": "backend",
      "provider": "provider[\"registry.terraform.io/hashicorp/azurerm\"]",
      "instances": [
        {
          "schema_version": 0,
          "attributes": {
            "address_prefixes": [
              "10.0.2.0/24"
            ],
            "default_outbound_access_enabled": true,
            "delegation": [],
            "enforce_private_link_endpoint_network_policies": true,
            "enforce_private_link_service_network_policies": false,
            "id": "/subscriptions/8bf9a8dc-8ee1-4364-ba97-77e92d38ee92/resourceGroups/qops-rg/providers/Microsoft.Network/virtualNetworks/qops-vnet/subnets/qops-backend-subnet",
            "name": "qops-backend-subnet",
            "private_endpoint_network_policies": "Disabled",
            "private_endpoint_network_policies_enabled": false,
            "private_link_service_network_policies_enabled": true,
            "resource_group_name": "qops-rg",
            "service_endpoint_policy_ids": [],
            "service_endpoints": [],
            "timeouts": null,
            "virtual_network_name": "qops-vnet"
          },
          "sensitive_attributes": [],
          "private": "eyJlMmJmYjczMC1lY2FhLTExZTYtOGY4OC0zNDM2M2JjN2M0YzAiOnsiY3JlYXRlIjoxODAwMDAwMDAwMDAwLCJkZWxldGUiOjE4MDAwMDAwMDAwMDAsInJlYWQiOjMwMDAwMDAwMDAwMCwidXBkYXRlIjoxODAwMDAwMDAwMDAwfX0=",
          "dependencies": [
            "azurerm_resource_group.rg",
            "azurerm_virtual_network.vnet"
          ]
        }
      ]
    },
    {
      "mode": "managed",
      "type": "azurerm_subnet",
      "name": "frontend",
      "provider": "provider[\"registry.terraform.io/hashicorp/azurerm\"]",
      "instances": [
        {
          "schema_version": 0,
          "attributes": {
            "address_prefixes": [
              "10.0.1.0/24"
            ],
            "default_outbound_access_enabled": true,
            "delegation": [],
            "enforce_private_link_endpoint_network_policies": true,
            "enforce_private_link_service_network_policies": false,
            "id": "/subscriptions/8bf9a8dc-8ee1-4364-ba97-77e92d38ee92/resourceGroups/qops-rg/providers/Microsoft.Network/virtualNetworks/qops-vnet/subnets/qops-frontend-subnet",
            "name": "qops-frontend-subnet",
            "private_endpoint_network_policies": "Disabled",
            "private_endpoint_network_policies_enabled": false,
            "private_link_service_network_policies_enabled": true,
            "resource_group_name": "qops-rg",
            "service_endpoint_policy_ids": [],
            "service_endpoints": [],
            "timeouts": null,
            "virtual_network_name": "qops-vnet"
          },
          "sensitive_attributes": [],
          "private": "eyJlMmJmYjczMC1lY2FhLTExZTYtOGY4OC0zNDM2M2JjN2M0YzAiOnsiY3JlYXRlIjoxODAwMDAwMDAwMDAwLCJkZWxldGUiOjE4MDAwMDAwMDAwMDAsInJlYWQiOjMwMDAwMDAwMDAwMCwidXBkYXRlIjoxODAwMDAwMDAwMDAwfX0=",
          "dependencies": [
            "azurerm_resource_group.rg",
            "azurerm_virtual_network.vnet"
          ]
        }
      ]
    },
    {
      "mode": "managed",
      "type": "azurerm_virtual_network",
      "name": "vnet",
      "provider": "provider[\"registry.terraform.io/hashicorp/azurerm\"]",
      "instances": [
        {
          "schema_version": 0,
          "attributes": {
            "address_space": [
              "10.0.0.0/16"
            ],
            "bgp_community": "",
            "ddos_protection_plan": [],
            "dns_servers": [],
            "edge_zone": "",
            "encryption": [],
            "flow_timeout_in_minutes": 0,
            "guid": "81f8fc36-c22e-4186-ab9c-b6c1d8742de8",
            "id": "/subscriptions/8bf9a8dc-8ee1-4364-ba97-77e92d38ee92/resourceGroups/qops-rg/providers/Microsoft.Network/virtualNetworks/qops-vnet",
            "location": "westeurope",
            "name": "qops-vnet",
            "resource_group_name": "qops-rg",
            "subnet": [
              {
                "address_prefix": "10.0.1.0/24",
                "id": "/subscriptions/8bf9a8dc-8ee1-4364-ba97-77e92d38ee92/resourceGroups/qops-rg/providers/Microsoft.Network/virtualNetworks/qops-vnet/subnets/qops-frontend-subnet",
                "name": "qops-frontend-subnet",
                "security_group": ""
              },
              {
                "address_prefix": "10.0.2.0/24",
                "id": "/subscriptions/8bf9a8dc-8ee1-4364-ba97-77e92d38ee92/resourceGroups/qops-rg/providers/Microsoft.Network/virtualNetworks/qops-vnet/subnets/qops-backend-subnet",
                "name": "qops-backend-subnet",
                "security_group": ""
              }
            ],
            "tags": {},
            "timeouts": null
          },
          "sensitive_attributes": [],
          "private": "eyJlMmJmYjczMC1lY2FhLTExZTYtOGY4OC0zNDM2M2JjN2M0YzAiOnsiY3JlYXRlIjoxODAwMDAwMDAwMDAwLCJkZWxldGUiOjE4MDAwMDAwMDAwMDAsInJlYWQiOjMwMDAwMDAwMDAwMCwidXBkYXRlIjoxODAwMDAwMDAwMDAwfX0=",
          "dependencies": [
            "azurerm_resource_group.rg"
          ]
        }
      ]
    },
    {
      "module": "module.app_gateway",
      "mode": "managed",
      "type": "azurerm_application_gateway",
      "name": "appgw",
      "provider": "provider[\"registry.terraform.io/hashicorp/azurerm\"]",
      "instances": [
        {
          "schema_version": 0,
          "attributes": {
            "authentication_certificate": [],
            "autoscale_configuration": [],
            "backend_address_pool": [
              {
                "fqdns": [],
                "id": "/subscriptions/8bf9a8dc-8ee1-4364-ba97-77e92d38ee92/resourceGroups/qops-rg/providers/Microsoft.Network/applicationGateways/qops-appgw/backendAddressPools/backend-pool",
                "ip_addresses": [],
                "name": "backend-pool"
              }
            ],
            "backend_http_settings": [
              {
                "affinity_cookie_name": "",
                "authentication_certificate": [],
                "connection_draining": [],
                "cookie_based_affinity": "Disabled",
                "host_name": "",
                "id": "/subscriptions/8bf9a8dc-8ee1-4364-ba97-77e92d38ee92/resourceGroups/qops-rg/providers/Microsoft.Network/applicationGateways/qops-appgw/backendHttpSettingsCollection/backend-http-settings",
                "name": "backend-http-settings",
                "path": "/",
                "pick_host_name_from_backend_address": false,
                "port": 80,
                "probe_id": "",
                "probe_name": "",
                "protocol": "Http",
                "request_timeout": 60,
                "trusted_root_certificate_names": []
              }
            ],
            "custom_error_configuration": [],
            "enable_http2": false,
            "fips_enabled": false,
            "firewall_policy_id": "",
            "force_firewall_policy_association": false,
            "frontend_ip_configuration": [
              {
                "id": "/subscriptions/8bf9a8dc-8ee1-4364-ba97-77e92d38ee92/resourceGroups/qops-rg/providers/Microsoft.Network/applicationGateways/qops-appgw/frontendIPConfigurations/frontend-ip-config",
                "name": "frontend-ip-config",
                "private_ip_address": "",
                "private_ip_address_allocation": "Dynamic",
                "private_link_configuration_id": "",
                "private_link_configuration_name": "",
                "public_ip_address_id": "/subscriptions/8bf9a8dc-8ee1-4364-ba97-77e92d38ee92/resourceGroups/qops-rg/providers/Microsoft.Network/publicIPAddresses/qops-appgw-pip",
                "subnet_id": ""
              }
            ],
            "frontend_port": [
              {
                "id": "/subscriptions/8bf9a8dc-8ee1-4364-ba97-77e92d38ee92/resourceGroups/qops-rg/providers/Microsoft.Network/applicationGateways/qops-appgw/frontendPorts/frontend-port",
                "name": "frontend-port",
                "port": 80
              }
            ],
            "gateway_ip_configuration": [
              {
                "id": "/subscriptions/8bf9a8dc-8ee1-4364-ba97-77e92d38ee92/resourceGroups/qops-rg/providers/Microsoft.Network/applicationGateways/qops-appgw/gatewayIPConfigurations/gateway-ip-config",
                "name": "gateway-ip-config",
                "subnet_id": "/subscriptions/8bf9a8dc-8ee1-4364-ba97-77e92d38ee92/resourceGroups/qops-rg/providers/Microsoft.Network/virtualNetworks/qops-vnet/subnets/qops-frontend-subnet"
              }
            ],
            "global": [],
            "http_listener": [
              {
                "custom_error_configuration": [],
                "firewall_policy_id": "",
                "frontend_ip_configuration_id": "/subscriptions/8bf9a8dc-8ee1-4364-ba97-77e92d38ee92/resourceGroups/qops-rg/providers/Microsoft.Network/applicationGateways/qops-appgw/frontendIPConfigurations/frontend-ip-config",
                "frontend_ip_configuration_name": "frontend-ip-config",
                "frontend_port_id": "/subscriptions/8bf9a8dc-8ee1-4364-ba97-77e92d38ee92/resourceGroups/qops-rg/providers/Microsoft.Network/applicationGateways/qops-appgw/frontendPorts/frontend-port",
                "frontend_port_name": "frontend-port",
                "host_name": "",
                "host_names": [],
                "id": "/subscriptions/8bf9a8dc-8ee1-4364-ba97-77e92d38ee92/resourceGroups/qops-rg/providers/Microsoft.Network/applicationGateways/qops-appgw/httpListeners/http-listener",
                "name": "http-listener",
                "protocol": "Http",
                "require_sni": false,
                "ssl_certificate_id": "",
                "ssl_certificate_name": "",
                "ssl_profile_id": "",
                "ssl_profile_name": ""
              }
            ],
            "id": "/subscriptions/8bf9a8dc-8ee1-4364-ba97-77e92d38ee92/resourceGroups/qops-rg/providers/Microsoft.Network/applicationGateways/qops-appgw",
            "identity": [],
            "location": "westeurope",
            "name": "qops-appgw",
            "private_endpoint_connection": [],
            "private_link_configuration": [],
            "probe": [],
            "redirect_configuration": [],
            "request_routing_rule": [
              {
                "backend_address_pool_id": "/subscriptions/8bf9a8dc-8ee1-4364-ba97-77e92d38ee92/resourceGroups/qops-rg/providers/Microsoft.Network/applicationGateways/qops-appgw/backendAddressPools/backend-pool",
                "backend_address_pool_name": "backend-pool",
                "backend_http_settings_id": "/subscriptions/8bf9a8dc-8ee1-4364-ba97-77e92d38ee92/resourceGroups/qops-rg/providers/Microsoft.Network/applicationGateways/qops-appgw/backendHttpSettingsCollection/backend-http-settings",
                "backend_http_settings_name": "backend-http-settings",
                "http_listener_id": "/subscriptions/8bf9a8dc-8ee1-4364-ba97-77e92d38ee92/resourceGroups/qops-rg/providers/Microsoft.Network/applicationGateways/qops-appgw/httpListeners/http-listener",
                "http_listener_name": "http-listener",
                "id": "/subscriptions/8bf9a8dc-8ee1-4364-ba97-77e92d38ee92/resourceGroups/qops-rg/providers/Microsoft.Network/applicationGateways/qops-appgw/requestRoutingRules/routing-rule",
                "name": "routing-rule",
                "priority": 100,
                "redirect_configuration_id": "",
                "redirect_configuration_name": "",
                "rewrite_rule_set_id": "",
                "rewrite_rule_set_name": "",
                "rule_type": "Basic",
                "url_path_map_id": "",
                "url_path_map_name": ""
              }
            ],
            "resource_group_name": "qops-rg",
            "rewrite_rule_set": [],
            "sku": [
              {
                "capacity": 2,
                "name": "WAF_v2",
                "tier": "WAF_v2"
              }
            ],
            "ssl_certificate": [],
            "ssl_policy": [
              {
                "cipher_suites": [],
                "disabled_protocols": [],
                "min_protocol_version": "",
                "policy_name": "AppGwSslPolicy20220101",
                "policy_type": "Predefined"
              }
            ],
            "ssl_profile": [],
            "tags": {},
            "timeouts": null,
            "trusted_client_certificate": [],
            "trusted_root_certificate": [],
            "url_path_map": [],
            "waf_configuration": [
              {
                "disabled_rule_group": [],
                "enabled": true,
                "exclusion": [],
                "file_upload_limit_mb": 100,
                "firewall_mode": "Prevention",
                "max_request_body_size_kb": 128,
                "request_body_check": true,
                "rule_set_type": "OWASP",
                "rule_set_version": "3.1"
              }
            ],
            "zones": []
          },
          "sensitive_attributes": [],
          "private": "eyJlMmJmYjczMC1lY2FhLTExZTYtOGY4OC0zNDM2M2JjN2M0YzAiOnsiY3JlYXRlIjo1NDAwMDAwMDAwMDAwLCJkZWxldGUiOjU0MDAwMDAwMDAwMDAsInJlYWQiOjMwMDAwMDAwMDAwMCwidXBkYXRlIjo1NDAwMDAwMDAwMDAwfX0=",
          "dependencies": [
            "azurerm_resource_group.rg",
            "azurerm_subnet.frontend",
            "azurerm_virtual_network.vnet",
            "module.app_gateway.azurerm_public_ip.pip"
          ]
        }
      ]
    },
    {
      "module": "module.app_gateway",
      "mode": "managed",
      "type": "azurerm_public_ip",
      "name": "pip",
      "provider": "provider[\"registry.terraform.io/hashicorp/azurerm\"]",
      "instances": [
        {
          "schema_version": 0,
          "attributes": {
            "allocation_method": "Static",
            "ddos_protection_mode": "VirtualNetworkInherited",
            "ddos_protection_plan_id": null,
            "domain_name_label": null,
            "edge_zone": "",
            "fqdn": null,
            "id": "/subscriptions/8bf9a8dc-8ee1-4364-ba97-77e92d38ee92/resourceGroups/qops-rg/providers/Microsoft.Network/publicIPAddresses/qops-appgw-pip",
            "idle_timeout_in_minutes": 4,
            "ip_address": "98.71.153.137",
            "ip_tags": {},
            "ip_version": "IPv4",
            "location": "westeurope",
            "name": "qops-appgw-pip",
            "public_ip_prefix_id": null,
            "resource_group_name": "qops-rg",
            "reverse_fqdn": null,
            "sku": "Standard",
            "sku_tier": "Regional",
            "tags": {},
            "timeouts": null,
            "zones": []
          },
          "sensitive_attributes": [],
          "private": "eyJlMmJmYjczMC1lY2FhLTExZTYtOGY4OC0zNDM2M2JjN2M0YzAiOnsiY3JlYXRlIjoxODAwMDAwMDAwMDAwLCJkZWxldGUiOjE4MDAwMDAwMDAwMDAsInJlYWQiOjMwMDAwMDAwMDAwMCwidXBkYXRlIjoxODAwMDAwMDAwMDAwfX0=",
          "dependencies": [
            "azurerm_resource_group.rg"
          ]
        }
      ]
    },
    {
      "module": "module.mysql",
      "mode": "managed",
      "type": "azurerm_mysql_flexible_database",
      "name": "db",
      "provider": "provider[\"registry.terraform.io/hashicorp/azurerm\"]",
      "instances": [
        {
          "schema_version": 0,
          "attributes": {
            "charset": "utf8mb4",
            "collation": "utf8mb4_unicode_ci",
            "id": "/subscriptions/8bf9a8dc-8ee1-4364-ba97-77e92d38ee92/resourceGroups/qops-rg/providers/Microsoft.DBforMySQL/flexibleServers/qops-mysql/databases/qops-mysql-db",
            "name": "qops-mysql-db",
            "resource_group_name": "qops-rg",
            "server_name": "qops-mysql",
            "timeouts": null
          },
          "sensitive_attributes": [],
          "private": "eyJlMmJmYjczMC1lY2FhLTExZTYtOGY4OC0zNDM2M2JjN2M0YzAiOnsiY3JlYXRlIjozNjAwMDAwMDAwMDAwLCJkZWxldGUiOjM2MDAwMDAwMDAwMDAsInJlYWQiOjMwMDAwMDAwMDAwMH19",
          "dependencies": [
            "azurerm_resource_group.rg",
            "module.mysql.azurerm_mysql_flexible_server.mysql"
          ]
        }
      ]
    },
    {
      "module": "module.mysql",
      "mode": "managed",
      "type": "azurerm_mysql_flexible_server",
      "name": "mysql",
      "provider": "provider[\"registry.terraform.io/hashicorp/azurerm\"]",
      "instances": [
        {
          "schema_version": 0,
          "attributes": {
            "administrator_login": "mysqladmin",
            "administrator_password": "admin@123",
            "backup_retention_days": 7,
            "create_mode": null,
            "customer_managed_key": [],
            "delegated_subnet_id": "",
            "fqdn": "qops-mysql.mysql.database.azure.com",
            "geo_redundant_backup_enabled": false,
            "high_availability": [],
            "id": "/subscriptions/8bf9a8dc-8ee1-4364-ba97-77e92d38ee92/resourceGroups/qops-rg/providers/Microsoft.DBforMySQL/flexibleServers/qops-mysql",
            "identity": [],
            "location": "westeurope",
            "maintenance_window": [
              {
                "day_of_week": 0,
                "start_hour": 8,
                "start_minute": 0
              }
            ],
            "name": "qops-mysql",
            "point_in_time_restore_time_in_utc": null,
            "private_dns_zone_id": "",
            "public_network_access_enabled": true,
            "replica_capacity": 10,
            "replication_role": "None",
            "resource_group_name": "qops-rg",
            "sku_name": "GP_Standard_D2ds_v4",
            "source_server_id": "",
            "storage": [
              {
                "auto_grow_enabled": true,
                "io_scaling_enabled": false,
                "iops": 360,
                "size_gb": 20
              }
            ],
            "tags": {},
            "timeouts": null,
            "version": "8.0.21",
            "zone": ""
          },
          "sensitive_attributes": [
            [
              {
                "type": "get_attr",
                "value": "administrator_password"
              }
            ]
          ],
          "private": "eyJlMmJmYjczMC1lY2FhLTExZTYtOGY4OC0zNDM2M2JjN2M0YzAiOnsiY3JlYXRlIjozNjAwMDAwMDAwMDAwLCJkZWxldGUiOjM2MDAwMDAwMDAwMDAsInJlYWQiOjMwMDAwMDAwMDAwMCwidXBkYXRlIjozNjAwMDAwMDAwMDAwfX0=",
          "dependencies": [
            "azurerm_resource_group.rg"
          ]
        }
      ]
    },
    {
      "module": "module.mysql",
      "mode": "managed",
      "type": "azurerm_mysql_flexible_server_configuration",
      "name": "tls_version",
      "provider": "provider[\"registry.terraform.io/hashicorp/azurerm\"]",
      "instances": [
        {
          "schema_version": 0,
          "attributes": {
            "id": "/subscriptions/8bf9a8dc-8ee1-4364-ba97-77e92d38ee92/resourceGroups/qops-rg/providers/Microsoft.DBforMySQL/flexibleServers/qops-mysql/configurations/tls_version",
            "name": "tls_version",
            "resource_group_name": "qops-rg",
            "server_name": "qops-mysql",
            "timeouts": null,
            "value": "TLSv1.2"
          },
          "sensitive_attributes": [],
          "private": "eyJlMmJmYjczMC1lY2FhLTExZTYtOGY4OC0zNDM2M2JjN2M0YzAiOnsiY3JlYXRlIjoxODAwMDAwMDAwMDAwLCJkZWxldGUiOjE4MDAwMDAwMDAwMDAsInJlYWQiOjMwMDAwMDAwMDAwMCwidXBkYXRlIjoxODAwMDAwMDAwMDAwfX0=",
          "dependencies": [
            "azurerm_resource_group.rg",
            "module.mysql.azurerm_mysql_flexible_server.mysql"
          ]
        }
      ]
    },
    {
      "module": "module.mysql",
      "mode": "managed",
      "type": "azurerm_mysql_flexible_server_firewall_rule",
      "name": "allow_azure_services",
      "provider": "provider[\"registry.terraform.io/hashicorp/azurerm\"]",
      "instances": [
        {
          "schema_version": 0,
          "attributes": {
            "end_ip_address": "0.0.0.0",
            "id": "/subscriptions/8bf9a8dc-8ee1-4364-ba97-77e92d38ee92/resourceGroups/qops-rg/providers/Microsoft.DBforMySQL/flexibleServers/qops-mysql/firewallRules/AllowAzureServices",
            "name": "AllowAzureServices",
            "resource_group_name": "qops-rg",
            "server_name": "qops-mysql",
            "start_ip_address": "0.0.0.0",
            "timeouts": null
          },
          "sensitive_attributes": [],
          "private": "eyJlMmJmYjczMC1lY2FhLTExZTYtOGY4OC0zNDM2M2JjN2M0YzAiOnsiY3JlYXRlIjoxODAwMDAwMDAwMDAwLCJkZWxldGUiOjE4MDAwMDAwMDAwMDAsInJlYWQiOjMwMDAwMDAwMDAwMCwidXBkYXRlIjoxODAwMDAwMDAwMDAwfX0=",
          "dependencies": [
            "azurerm_resource_group.rg",
            "module.mysql.azurerm_mysql_flexible_server.mysql"
          ]
        }
      ]
    },
    {
      "module": "module.mysql",
      "mode": "managed",
      "type": "azurerm_private_endpoint",
      "name": "mysql_pe",
      "provider": "provider[\"registry.terraform.io/hashicorp/azurerm\"]",
      "instances": [
        {
          "schema_version": 0,
          "attributes": {
            "custom_dns_configs": [
              {
                "fqdn": "qops-mysql.mysql.database.azure.com",
                "ip_addresses": [
                  "10.0.2.4"
                ]
              }
            ],
            "custom_network_interface_name": "",
            "id": "/subscriptions/8bf9a8dc-8ee1-4364-ba97-77e92d38ee92/resourceGroups/qops-rg/providers/Microsoft.Network/privateEndpoints/qops-mysql-pe",
            "ip_configuration": [],
            "location": "westeurope",
            "name": "qops-mysql-pe",
            "network_interface": [
              {
                "id": "/subscriptions/8bf9a8dc-8ee1-4364-ba97-77e92d38ee92/resourceGroups/qops-rg/providers/Microsoft.Network/networkInterfaces/qops-mysql-pe.nic.35486275-b72e-4276-81d7-769557d18853",
                "name": "qops-mysql-pe.nic.35486275-b72e-4276-81d7-769557d18853"
              }
            ],
            "private_dns_zone_configs": [],
            "private_dns_zone_group": [],
            "private_service_connection": [
              {
                "is_manual_connection": false,
                "name": "qops-mysql-privateserviceconnection",
                "private_connection_resource_alias": "",
                "private_connection_resource_id": "/subscriptions/8bf9a8dc-8ee1-4364-ba97-77e92d38ee92/resourceGroups/qops-rg/providers/Microsoft.DBforMySQL/flexibleServers/qops-mysql",
                "private_ip_address": "10.0.2.4",
                "request_message": "",
                "subresource_names": [
                  "mysqlServer"
                ]
              }
            ],
            "resource_group_name": "qops-rg",
            "subnet_id": "/subscriptions/8bf9a8dc-8ee1-4364-ba97-77e92d38ee92/resourceGroups/qops-rg/providers/Microsoft.Network/virtualNetworks/qops-vnet/subnets/qops-backend-subnet",
            "tags": {},
            "timeouts": null
          },
          "sensitive_attributes": [],
          "private": "eyJlMmJmYjczMC1lY2FhLTExZTYtOGY4OC0zNDM2M2JjN2M0YzAiOnsiY3JlYXRlIjozNjAwMDAwMDAwMDAwLCJkZWxldGUiOjM2MDAwMDAwMDAwMDAsInJlYWQiOjMwMDAwMDAwMDAwMCwidXBkYXRlIjozNjAwMDAwMDAwMDAwfX0=",
          "dependencies": [
            "azurerm_resource_group.rg",
            "azurerm_subnet.backend",
            "azurerm_virtual_network.vnet",
            "module.mysql.azurerm_mysql_flexible_server.mysql"
          ]
        }
      ]
    }
  ],
  "check_results": null
}
